
Microsoft Visual Studio Solution File, Format Version 12.00
# Visual Studio 15
VisualStudioVersion = 15.0.27703.2026
MinimumVisualStudioVersion = 10.0.40219.1
Project("{FAE04EC0-301F-11D3-BF4B-00C04F79EFBC}") = "RedPill-dotnet", "RedPill-dotnet\RedPill-dotnet.csproj", "{06B224B8-2BB7-43CD-B892-7DEA2EDF4F6A}"
EndProject
Project("{FAE04EC0-301F-11D3-BF4B-00C04F79EFBC}") = "RedPill-dotnet.Tests", "RedPill-dotnet.Tests\RedPill-dotnet.Tests.csproj", "{70B2C21D-7537-4DD4-A43C-64DDB81E488D}"
EndProject
Global
	GlobalSection(SolutionConfigurationPlatforms) = preSolution
		Debug|Any CPU = Debug|Any CPU
		Release|Any CPU = Release|Any CPU
	EndGlobalSection
	GlobalSection(ProjectConfigurationPlatforms) = postSolution
		{06B224B8-2BB7-43CD-B892-7DEA2EDF4F6A}.Debug|Any CPU.ActiveCfg = Debug|Any CPU
		{06B224B8-2BB7-43CD-B892-7DEA2EDF4F6A}.Debug|Any CPU.Build.0 = Debug|Any CPU
		{06B224B8-2BB7-43CD-B892-7DEA2EDF4F6A}.Release|Any CPU.ActiveCfg = Release|Any CPU
		{06B224B8-2BB7-43CD-B892-7DEA2EDF4F6A}.Release|Any CPU.Build.0 = Release|Any CPU
		{70B2C21D-7537-4DD4-A43C-64DDB81E488D}.Debug|Any CPU.ActiveCfg = Debug|Any CPU
		{70B2C21D-7537-4DD4-A43C-64DDB81E488D}.Debug|Any CPU.Build.0 = Debug|Any CPU
		{70B2C21D-7537-4DD4-A43C-64DDB81E488D}.Release|Any CPU.ActiveCfg = Release|Any CPU
		{70B2C21D-7537-4DD4-A43C-64DDB81E488D}.Release|Any CPU.Build.0 = Release|Any CPU
	EndGlobalSection
	GlobalSection(SolutionProperties) = preSolution
		HideSolutionNode = FALSE
	EndGlobalSection
	GlobalSection(ExtensibilityGlobals) = postSolution
		SolutionGuid = {86C7BED4-FFB7-40AC-9A09-3E0A4C6476A1}
	EndGlobalSection
EndGlobal
